// !$*UTF8*$!
{
	archiveVersion = 1;
	classes = {
	};
	objectVersion = 46;
	objects = {

/* Begin PBXBuildFile section */
		2C47C25F1C7D06DB00FD5C42 /* AppDelegate.swift in Sources */ = {isa = PBXBuildFile; fileRef = 2C47C25E1C7D06DB00FD5C42 /* AppDelegate.swift */; };
		2C47C2611C7D06DB00FD5C42 /* ViewController.swift in Sources */ = {isa = PBXBuildFile; fileRef = 2C47C2601C7D06DB00FD5C42 /* ViewController.swift */; };
		2C47C2641C7D06DB00FD5C42 /* Main.storyboard in Resources */ = {isa = PBXBuildFile; fileRef = 2C47C2621C7D06DB00FD5C42 /* Main.storyboard */; };
		2C47C2661C7D06DB00FD5C42 /* Assets.xcassets in Resources */ = {isa = PBXBuildFile; fileRef = 2C47C2651C7D06DB00FD5C42 /* Assets.xcassets */; };
		2C47C2691C7D06DB00FD5C42 /* LaunchScreen.storyboard in Resources */ = {isa = PBXBuildFile; fileRef = 2C47C2671C7D06DB00FD5C42 /* LaunchScreen.storyboard */; };
		2C47C2741C7D06DB00FD5C42 /* ImageAppOneTests.swift in Sources */ = {isa = PBXBuildFile; fileRef = 2C47C2731C7D06DB00FD5C42 /* ImageAppOneTests.swift */; };
		2C47C27F1C7D06DB00FD5C42 /* ImageAppOneUITests.swift in Sources */ = {isa = PBXBuildFile; fileRef = 2C47C27E1C7D06DB00FD5C42 /* ImageAppOneUITests.swift */; };
/* End PBXBuildFile section */

/* Begin PBXContainerItemProxy section */
		2C47C2701C7D06DB00FD5C42 /* PBXContainerItemProxy */ = {
			isa = PBXContainerItemProxy;
			containerPortal = 2C47C2531C7D06DB00FD5C42 /* Project object */;
			proxyType = 1;
			remoteGlobalIDString = 2C47C25A1C7D06DB00FD5C42;
			remoteInfo = ImageAppOne;
		};
		2C47C27B1C7D06DB00FD5C42 /* PBXContainerItemProxy */ = {
			isa = PBXContainerItemProxy;
			containerPortal = 2C47C2531C7D06DB00FD5C42 /* Project object */;
			proxyType = 1;
			remoteGlobalIDString = 2C47C25A1C7D06DB00FD5C42;
			remoteInfo = ImageAppOne;
		};
/* End PBXContainerItemProxy section */

/* Begin PBXFileReference section */
		2C47C25B1C7D06DB00FD5C42 /* ImageAppOne.app */ = {isa = PBXFileReference; explicitFileType = wrapper.application; includeInIndex = 0; path = ImageAppOne.app; sourceTree = BUILT_PRODUCTS_DIR; };
		2C47C25E1C7D06DB00FD5C42 /* AppDelegate.swift */ = {isa = PBXFileReference; lastKnownFileType = sourcecode.swift; path = AppDelegate.swift; sourceTree = "<group>"; };
		2C47C2601C7D06DB00FD5C42 /* ViewController.swift */ = {isa = PBXFileReference; lastKnownFileType = sourcecode.swift; path = ViewController.swift; sourceTree = "<group>"; };
		2C47C2631C7D06DB00FD5C42 /* Base */ = {isa = PBXFileReference; lastKnownFileType = file.storyboard; name = Base; path = Base.lproj/Main.storyboard; sourceTree = "<group>"; };
		2C47C2651C7D06DB00FD5C42 /* Assets.xcassets */ = {isa = PBXFileReference; lastKnownFileType = folder.assetcatalog; path = Assets.xcassets; sourceTree = "<group>"; };
		2C47C2681C7D06DB00FD5C42 /* Base */ = {isa = PBXFileReference; lastKnownFileType = file.storyboard; name = Base; path = Base.lproj/LaunchScreen.storyboard; sourceTree = "<group>"; };
		2C47C26A1C7D06DB00FD5C42 /* Info.plist */ = {isa = PBXFileReference; lastKnownFileType = text.plist.xml; path = Info.plist; sourceTree = "<group>"; };
		2C47C26F1C7D06DB00FD5C42 /* ImageAppOneTests.xctest */ = {isa = PBXFileReference; explicitFileType = wrapper.cfbundle; includeInIndex = 0; path = ImageAppOneTests.xctest; sourceTree = BUILT_PRODUCTS_DIR; };
		2C47C2731C7D06DB00FD5C42 /* ImageAppOneTests.swift */ = {isa = PBXFileReference; lastKnownFileType = sourcecode.swift; path = ImageAppOneTests.swift; sourceTree = "<group>"; };
		2C47C2751C7D06DB00FD5C42 /* Info.plist */ = {isa = PBXFileReference; lastKnownFileType = text.plist.xml; path = Info.plist; sourceTree = "<group>"; };
		2C47C27A1C7D06DB00FD5C42 /* ImageAppOneUITests.xctest */ = {isa = PBXFileReference; explicitFileType = wrapper.cfbundle; includeInIndex = 0; path = ImageAppOneUITests.xctest; sourceTree = BUILT_PRODUCTS_DIR; };
		2C47C27E1C7D06DB00FD5C42 /* ImageAppOneUITests.swift */ = {isa = PBXFileReference; lastKnownFileType = sourcecode.swift; path = ImageAppOneUITests.swift; sourceTree = "<group>"; };
		2C47C2801C7D06DB00FD5C42 /* Info.plist */ = {isa = PBXFileReference; lastKnownFileType = text.plist.xml; path = Info.plist; sourceTree = "<group>"; };
/* End PBXFileReference section */

/* Begin PBXFrameworksBuildPhase section */
		2C47C2581C7D06DB00FD5C42 /* Frameworks */ = {
			isa = PBXFrameworksBuildPhase;
			buildActionMask = 2147483647;
			files = (
			);
			runOnlyForDeploymentPostprocessing = 0;
		};
		2C47C26C1C7D06DB00FD5C42 /* Frameworks */ = {
			isa = PBXFrameworksBuildPhase;
			buildActionMask = 2147483647;
			files = (
			);
			runOnlyForDeploymentPostprocessing = 0;
		};
		2C47C2771C7D06DB00FD5C42 /* Frameworks */ = {
			isa = PBXFrameworksBuildPhase;
			buildActionMask = 2147483647;
			files = (
			);
			runOnlyForDeploymentPostprocessing = 0;
		};
/* End PBXFrameworksBuildPhase section */

/* Begin PBXGroup section */
		2C47C2521C7D06DB00FD5C42 = {
			isa = PBXGroup;
			children = (
				2C47C25D1C7D06DB00FD5C42 /* ImageAppOne */,
				2C47C2721C7D06DB00FD5C42 /* ImageAppOneTests */,
				2C47C27D1C7D06DB00FD5C42 /* ImageAppOneUITests */,
				2C47C25C1C7D06DB00FD5C42 /* Products */,
			);
			sourceTree = "<group>";
		};
		2C47C25C1C7D06DB00FD5C42 /* Products */ = {
			isa = PBXGroup;
			children = (
				2C47C25B1C7D06DB00FD5C42 /* ImageAppOne.app */,
				2C47C26F1C7D06DB00FD5C42 /* ImageAppOneTests.xctest */,
				2C47C27A1C7D06DB00FD5C42 /* ImageAppOneUITests.xctest */,
			);
			name = Products;
			sourceTree = "<group>";
		};
		2C47C25D1C7D06DB00FD5C42 /* ImageAppOne */ = {
			isa = PBXGroup;
			children = (
				2C47C25E1C7D06DB00FD5C42 /* AppDelegate.swift */,
				2C47C2601C7D06DB00FD5C42 /* ViewController.swift */,
				2C47C2621C7D06DB00FD5C42 /* Main.storyboard */,
				2C47C2651C7D06DB00FD5C42 /* Assets.xcassets */,
				2C47C2671C7D06DB00FD5C42 /* LaunchScreen.storyboard */,
				2C47C26A1C7D06DB00FD5C42 /* Info.plist */,
			);
			path = ImageAppOne;
			sourceTree = "<group>";
		};
		2C47C2721C7D06DB00FD5C42 /* ImageAppOneTests */ = {
			isa = PBXGroup;
			children = (
				2C47C2731C7D06DB00FD5C42 /* ImageAppOneTests.swift */,
				2C47C2751C7D06DB00FD5C42 /* Info.plist */,
			);
			path = ImageAppOneTests;
			sourceTree = "<group>";
		};
		2C47C27D1C7D06DB00FD5C42 /* ImageAppOneUITests */ = {
			isa = PBXGroup;
			children = (
				2C47C27E1C7D06DB00FD5C42 /* ImageAppOneUITests.swift */,
				2C47C2801C7D06DB00FD5C42 /* Info.plist */,
			);
			path = ImageAppOneUITests;
			sourceTree = "<group>";
		};
/* End PBXGroup section */

/* Begin PBXNativeTarget section */
		2C47C25A1C7D06DB00FD5C42 /* ImageAppOne */ = {
			isa = PBXNativeTarget;
			buildConfigurationList = 2C47C2831C7D06DB00FD5C42 /* Build configuration list for PBXNativeTarget "ImageAppOne" */;
			buildPhases = (
				2C47C2571C7D06DB00FD5C42 /* Sources */,
				2C47C2581C7D06DB00FD5C42 /* Frameworks */,
				2C47C2591C7D06DB00FD5C42 /* Resources */,
			);
			buildRules = (
			);
			dependencies = (
			);
			name = ImageAppOne;
			productName = ImageAppOne;
			productReference = 2C47C25B1C7D06DB00FD5C42 /* ImageAppOne.app */;
			productType = "com.apple.product-type.application";
		};
		2C47C26E1C7D06DB00FD5C42 /* ImageAppOneTests */ = {
			isa = PBXNativeTarget;
			buildConfigurationList = 2C47C2861C7D06DB00FD5C42 /* Build configuration list for PBXNativeTarget "ImageAppOneTests" */;
			buildPhases = (
				2C47C26B1C7D06DB00FD5C42 /* Sources */,
				2C47C26C1C7D06DB00FD5C42 /* Frameworks */,
				2C47C26D1C7D06DB00FD5C42 /* Resources */,
			);
			buildRules = (
			);
			dependencies = (
				2C47C2711C7D06DB00FD5C42 /* PBXTargetDependency */,
			);
			name = ImageAppOneTests;
			productName = ImageAppOneTests;
			productReference = 2C47C26F1C7D06DB00FD5C42 /* ImageAppOneTests.xctest */;
			productType = "com.apple.product-type.bundle.unit-test";
		};
		2C47C2791C7D06DB00FD5C42 /* ImageAppOneUITests */ = {
			isa = PBXNativeTarget;
			buildConfigurationList = 2C47C2891C7D06DB00FD5C42 /* Build configuration list for PBXNativeTarget "ImageAppOneUITests" */;
			buildPhases = (
				2C47C2761C7D06DB00FD5C42 /* Sources */,
				2C47C2771C7D06DB00FD5C42 /* Frameworks */,
				2C47C2781C7D06DB00FD5C42 /* Resources */,
			);
			buildRules = (
			);
			dependencies = (
				2C47C27C1C7D06DB00FD5C42 /* PBXTargetDependency */,
			);
			name = ImageAppOneUITests;
			productName = ImageAppOneUITests;
			productReference = 2C47C27A1C7D06DB00FD5C42 /* ImageAppOneUITests.xctest */;
			productType = "com.apple.product-type.bundle.ui-testing";
		};
/* End PBXNativeTarget section */

/* Begin PBXProject section */
		2C47C2531C7D06DB00FD5C42 /* Project object */ = {
			isa = PBXProject;
			attributes = {
				LastSwiftUpdateCheck = 0720;
				LastUpgradeCheck = 0720;
				ORGANIZATIONNAME = "Ivan Davchev";
				TargetAttributes = {
					2C47C25A1C7D06DB00FD5C42 = {
						CreatedOnToolsVersion = 7.2.1;
					};
					2C47C26E1C7D06DB00FD5C42 = {
						CreatedOnToolsVersion = 7.2.1;
						TestTargetID = 2C47C25A1C7D06DB00FD5C42;
					};
					2C47C2791C7D06DB00FD5C42 = {
						CreatedOnToolsVersion = 7.2.1;
						TestTargetID = 2C47C25A1C7D06DB00FD5C42;
					};
				};
			};
			buildConfigurationList = 2C47C2561C7D06DB00FD5C42 /* Build configuration list for PBXProject "ImageAppOne" */;
			compatibilityVersion = "Xcode 3.2";
			developmentRegion = English;
			hasScannedForEncodings = 0;
			knownRegions = (
				en,
				Base,
			);
			mainGroup = 2C47C2521C7D06DB00FD5C42;
			productRefGroup = 2C47C25C1C7D06DB00FD5C42 /* Products */;
			projectDirPath = "";
			projectRoot = "";
			targets = (
				2C47C25A1C7D06DB00FD5C42 /* ImageAppOne */,
				2C47C26E1C7D06DB00FD5C42 /* ImageAppOneTests */,
				2C47C2791C7D06DB00FD5C42 /* ImageAppOneUITests */,
			);
		};
/* End PBXProject section */

/* Begin PBXResourcesBuildPhase section */
		2C47C2591C7D06DB00FD5C42 /* Resources */ = {
			isa = PBXResourcesBuildPhase;
			buildActionMask = 2147483647;
			files = (
				2C47C2691C7D06DB00FD5C42 /* LaunchScreen.storyboard in Resources */,
				2C47C2661C7D06DB00FD5C42 /* Assets.xcassets in Resources */,
				2C47C2641C7D06DB00FD5C42 /* Main.storyboard in Resources */,
			);
			runOnlyForDeploymentPostprocessing = 0;
		};
		2C47C26D1C7D06DB00FD5C42 /* Resources */ = {
			isa = PBXResourcesBuildPhase;
			buildActionMask = 2147483647;
			files = (
			);
			runOnlyForDeploymentPostprocessing = 0;
		};
		2C47C2781C7D06DB00FD5C42 /* Resources */ = {
			isa = PBXResourcesBuildPhase;
			buildActionMask = 2147483647;
			files = (
			);
			runOnlyForDeploymentPostprocessing = 0;
		};
/* End PBXResourcesBuildPhase section */

/* Begin PBXSourcesBuildPhase section */
		2C47C2571C7D06DB00FD5C42 /* Sources */ = {
			isa = PBXSourcesBuildPhase;
			buildActionMask = 2147483647;
			files = (
				2C47C2611C7D06DB00FD5C42 /* ViewController.swift in Sources */,
				2C47C25F1C7D06DB00FD5C42 /* AppDelegate.swift in Sources */,
			);
			runOnlyForDeploymentPostprocessing = 0;
		};
		2C47C26B1C7D06DB00FD5C42 /* Sources */ = {
			isa = PBXSourcesBuildPhase;
			buildActionMask = 2147483647;
			files = (
				2C47C2741C7D06DB00FD5C42 /* ImageAppOneTests.swift in Sources */,
			);
			runOnlyForDeploymentPostprocessing = 0;
		};
		2C47C2761C7D06DB00FD5C42 /* Sources */ = {
			isa = PBXSourcesBuildPhase;
			buildActionMask = 2147483647;
			files = (
				2C47C27F1C7D06DB00FD5C42 /* ImageAppOneUITests.swift in Sources */,
			);
			runOnlyForDeploymentPostprocessing = 0;
		};
/* End PBXSourcesBuildPhase section */

/* Begin PBXTargetDependency section */
		2C47C2711C7D06DB00FD5C42 /* PBXTargetDependency */ = {
			isa = PBXTargetDependency;
			target = 2C47C25A1C7D06DB00FD5C42 /* ImageAppOne */;
			targetProxy = 2C47C2701C7D06DB00FD5C42 /* PBXContainerItemProxy */;
		};
		2C47C27C1C7D06DB00FD5C42 /* PBXTargetDependency */ = {
			isa = PBXTargetDependency;
			target = 2C47C25A1C7D06DB00FD5C42 /* ImageAppOne */;
			targetProxy = 2C47C27B1C7D06DB00FD5C42 /* PBXContainerItemProxy */;
		};
/* End PBXTargetDependency section */

/* Begin PBXVariantGroup section */
		2C47C2621C7D06DB00FD5C42 /* Main.storyboard */ = {
			isa = PBXVariantGroup;
			children = (
				2C47C2631C7D06DB00FD5C42 /* Base */,
			);
			name = Main.storyboard;
			sourceTree = "<group>";
		};
		2C47C2671C7D06DB00FD5C42 /* LaunchScreen.storyboard */ = {
			isa = PBXVariantGroup;
			children = (
				2C47C2681C7D06DB00FD5C42 /* Base */,
			);
			name = LaunchScreen.storyboard;
			sourceTree = "<group>";
		};
/* End PBXVariantGroup section */

/* Begin XCBuildConfiguration section */
		2C47C2811C7D06DB00FD5C42 /* Debug */ = {
			isa = XCBuildConfiguration;
			buildSettings = {
				ALWAYS_SEARCH_USER_PATHS = NO;
				CLANG_CXX_LANGUAGE_STANDARD = "gnu++0x";
				CLANG_CXX_LIBRARY = "libc++";
				CLANG_ENABLE_MODULES = YES;
				CLANG_ENABLE_OBJC_ARC = YES;
				CLANG_WARN_BOOL_CONVERSION = YES;
				CLANG_WARN_CONSTANT_CONVERSION = YES;
				CLANG_WARN_DIRECT_OBJC_ISA_USAGE = YES_ERROR;
				CLANG_WARN_EMPTY_BODY = YES;
				CLANG_WARN_ENUM_CONVERSION = YES;
				CLANG_WARN_INT_CONVERSION = YES;
				CLANG_WARN_OBJC_ROOT_CLASS = YES_ERROR;
				CLANG_WARN_UNREACHABLE_CODE = YES;
				CLANG_WARN__DUPLICATE_METHOD_MATCH = YES;
				"CODE_SIGN_IDENTITY[sdk=iphoneos*]" = "iPhone Developer";
				COPY_PHASE_STRIP = NO;
				DEBUG_INFORMATION_FORMAT = dwarf;
				ENABLE_STRICT_OBJC_MSGSEND = YES;
				ENABLE_TESTABILITY = YES;
				GCC_C_LANGUAGE_STANDARD = gnu99;
				GCC_DYNAMIC_NO_PIC = NO;
				GCC_NO_COMMON_BLOCKS = YES;
				GCC_OPTIMIZATION_LEVEL = 0;
				GCC_PREPROCESSOR_DEFINITIONS = (
					"DEBUG=1",
					"$(inherited)",
				);
				GCC_WARN_64_TO_32_BIT_CONVERSION = YES;
				GCC_WARN_ABOUT_RETURN_TYPE = YES_ERROR;
				GCC_WARN_UNDECLARED_SELECTOR = YES;
				GCC_WARN_UNINITIALIZED_AUTOS = YES_AGGRESSIVE;
				GCC_WARN_UNUSED_FUNCTION = YES;
				GCC_WARN_UNUSED_VARIABLE = YES;
				IPHONEOS_DEPLOYMENT_TARGET = 9.2;
				MTL_ENABLE_DEBUG_INFO = YES;
				ONLY_ACTIVE_ARCH = YES;
				SDKROOT = iphoneos;
				SWIFT_OPTIMIZATION_LEVEL = "-Onone";
			};
			name = Debug;
		};
		2C47C2821C7D06DB00FD5C42 /* Release */ = {
			isa = XCBuildConfiguration;
			buildSettings = {
				ALWAYS_SEARCH_USER_PATHS = NO;
				CLANG_CXX_LANGUAGE_STANDARD = "gnu++0x";
				CLANG_CXX_LIBRARY = "libc++";
				CLANG_ENABLE_MODULES = YES;
				CLANG_ENABLE_OBJC_ARC = YES;
				CLANG_WARN_BOOL_CONVERSION = YES;
				CLANG_WARN_CONSTANT_CONVERSION = YES;
				CLANG_WARN_DIRECT_OBJC_ISA_USAGE = YES_ERROR;
				CLANG_WARN_EMPTY_BODY = YES;
				CLANG_WARN_ENUM_CONVERSION = YES;
				CLANG_WARN_INT_CONVERSION = YES;
				CLANG_WARN_OBJC_ROOT_CLASS = YES_ERROR;
				CLANG_WARN_UNREACHABLE_CODE = YES;
				CLANG_WARN__DUPLICATE_METHOD_MATCH = YES;
				"CODE_SIGN_IDENTITY[sdk=iphoneos*]" = "iPhone Developer";
				COPY_PHASE_STRIP = NO;
				DEBUG_INFORMATION_FORMAT = "dwarf-with-dsym";
				ENABLE_NS_ASSERTIONS = NO;
				ENABLE_STRICT_OBJC_MSGSEND = YES;
				GCC_C_LANGUAGE_STANDARD = gnu99;
				GCC_NO_COMMON_BLOCKS = YES;
				GCC_WARN_64_TO_32_BIT_CONVERSION = YES;
				GCC_WARN_ABOUT_RETURN_TYPE = YES_ERROR;
				GCC_WARN_UNDECLARED_SELECTOR = YES;
				GCC_WARN_UNINITIALIZED_AUTOS = YES_AGGRESSIVE;
				GCC_WARN_UNUSED_FUNCTION = YES;
				GCC_WARN_UNUSED_VARIABLE = YES;
				IPHONEOS_DEPLOYMENT_TARGET = 9.2;
				MTL_ENABLE_DEBUG_INFO = NO;
				SDKROOT = iphoneos;
				VALIDATE_PRODUCT = YES;
			};
			name = Release;
		};
		2C47C2841C7D06DB00FD5C42 /* Debug */ = {
			isa = XCBuildConfiguration;
			buildSettings = {
				ASSETCATALOG_COMPILER_APPICON_NAME = AppIcon;
				INFOPLIST_FILE = ImageAppOne/Info.plist;
				LD_RUNPATH_SEARCH_PATHS = "$(inherited) @executable_path/Frameworks";
				PRODUCT_BUNDLE_IDENTIFIER = Gucci.ImageAppOne;
				PRODUCT_NAME = "$(TARGET_NAME)";
			};
			name = Debug;
		};
		2C47C2851C7D06DB00FD5C42 /* Release */ = {
			isa = XCBuildConfiguration;
			buildSettings = {
				ASSETCATALOG_COMPILER_APPICON_NAME = AppIcon;
				INFOPLIST_FILE = ImageAppOne/Info.plist;
				LD_RUNPATH_SEARCH_PATHS = "$(inherited) @executable_path/Frameworks";
				PRODUCT_BUNDLE_IDENTIFIER = Gucci.ImageAppOne;
				PRODUCT_NAME = "$(TARGET_NAME)";
			};
			name = Release;
		};
		2C47C2871C7D06DB00FD5C42 /* Debug */ = {
			isa = XCBuildConfiguration;
			buildSettings = {
				BUNDLE_LOADER = "$(TEST_HOST)";
				INFOPLIST_FILE = ImageAppOneTests/Info.plist;
				LD_RUNPATH_SEARCH_PATHS = "$(inherited) @executable_path/Frameworks @loader_path/Frameworks";
				PRODUCT_BUNDLE_IDENTIFIER = Gucci.ImageAppOneTests;
				PRODUCT_NAME = "$(TARGET_NAME)";
				TEST_HOST = "$(BUILT_PRODUCTS_DIR)/ImageAppOne.app/ImageAppOne";
			};
			name = Debug;
		};
		2C47C2881C7D06DB00FD5C42 /* Release */ = {
			isa = XCBuildConfiguration;
			buildSettings = {
				BUNDLE_LOADER = "$(TEST_HOST)";
				INFOPLIST_FILE = ImageAppOneTests/Info.plist;
				LD_RUNPATH_SEARCH_PATHS = "$(inherited) @executable_path/Frameworks @loader_path/Frameworks";
				PRODUCT_BUNDLE_IDENTIFIER = Gucci.ImageAppOneTests;
				PRODUCT_NAME = "$(TARGET_NAME)";
				TEST_HOST = "$(BUILT_PRODUCTS_DIR)/ImageAppOne.app/ImageAppOne";
			};
			name = Release;
		};
		2C47C28A1C7D06DB00FD5C42 /* Debug */ = {
			isa = XCBuildConfiguration;
			buildSettings = {
				INFOPLIST_FILE = ImageAppOneUITests/Info.plist;
				LD_RUNPATH_SEARCH_PATHS = "$(inherited) @executable_path/Frameworks @loader_path/Frameworks";
				PRODUCT_BUNDLE_IDENTIFIER = Gucci.ImageAppOneUITests;
				PRODUCT_NAME = "$(TARGET_NAME)";
				TEST_TARGET_NAME = ImageAppOne;
				USES_XCTRUNNER = YES;
			};
			name = Debug;
		};
		2C47C28B1C7D06DB00FD5C42 /* Release */ = {
			isa = XCBuildConfiguration;
			buildSettings = {
				INFOPLIST_FILE = ImageAppOneUITests/Info.plist;
				LD_RUNPATH_SEARCH_PATHS = "$(inherited) @executable_path/Frameworks @loader_path/Frameworks";
				PRODUCT_BUNDLE_IDENTIFIER = Gucci.ImageAppOneUITests;
				PRODUCT_NAME = "$(TARGET_NAME)";
				TEST_TARGET_NAME = ImageAppOne;
				USES_XCTRUNNER = YES;
			};
			name = Release;
		};
/* End XCBuildConfiguration section */

/* Begin XCConfigurationList section */
		2C47C2561C7D06DB00FD5C42 /* Build configuration list for PBXProject "ImageAppOne" */ = {
			isa = XCConfigurationList;
			buildConfigurations = (
				2C47C2811C7D06DB00FD5C42 /* Debug */,
				2C47C2821C7D06DB00FD5C42 /* Release */,
			);
			defaultConfigurationIsVisible = 0;
			defaultConfigurationName = Release;
		};
		2C47C2831C7D06DB00FD5C42 /* Build configuration list for PBXNativeTarget "ImageAppOne" */ = {
			isa = XCConfigurationList;
			buildConfigurations = (
				2C47C2841C7D06DB00FD5C42 /* Debug */,
				2C47C2851C7D06DB00FD5C42 /* Release */,
			);
			defaultConfigurationIsVisible = 0;
		};
		2C47C2861C7D06DB00FD5C42 /* Build configuration list for PBXNativeTarget "ImageAppOneTests" */ = {
			isa = XCConfigurationList;
			buildConfigurations = (
				2C47C2871C7D06DB00FD5C42 /* Debug */,
				2C47C2881C7D06DB00FD5C42 /* Release */,
			);
			defaultConfigurationIsVisible = 0;
		};
		2C47C2891C7D06DB00FD5C42 /* Build configuration list for PBXNativeTarget "ImageAppOneUITests" */ = {
			isa = XCConfigurationList;
			buildConfigurations = (
				2C47C28A1C7D06DB00FD5C42 /* Debug */,
				2C47C28B1C7D06DB00FD5C42 /* Release */,
			);
			defaultConfigurationIsVisible = 0;
		};
/* End XCConfigurationList section */
	};
	rootObject = 2C47C2531C7D06DB00FD5C42 /* Project object */;
}
